// !$*UTF8*$!
{
	archiveVersion = 1;
	classes = {
	};
	objectVersion = 50;
	objects = {

/* Begin PBXBuildFile section */
		BB68D19E23B057D400FF5428 /* AppDelegate.swift in Sources */ = {isa = PBXBuildFile; fileRef = BB68D19D23B057D400FF5428 /* AppDelegate.swift */; };
		BB68D1A023B057D400FF5428 /* ProductListViewController.swift in Sources */ = {isa = PBXBuildFile; fileRef = BB68D19F23B057D400FF5428 /* ProductListViewController.swift */; };
		BB68D1A523B057D500FF5428 /* Assets.xcassets in Resources */ = {isa = PBXBuildFile; fileRef = BB68D1A423B057D500FF5428 /* Assets.xcassets */; };
		BB68D1A823B057D500FF5428 /* LaunchScreen.storyboard in Resources */ = {isa = PBXBuildFile; fileRef = BB68D1A623B057D500FF5428 /* LaunchScreen.storyboard */; };
		BB68D1B323B057D500FF5428 /* shopperTests.swift in Sources */ = {isa = PBXBuildFile; fileRef = BB68D1B223B057D500FF5428 /* shopperTests.swift */; };
		BBA3085223B05AE0006E3145 /* SnapKit.framework in Embed Frameworks */ = {isa = PBXBuildFile; fileRef = BBA3085123B05AE0006E3145 /* SnapKit.framework */; settings = {ATTRIBUTES = (CodeSignOnCopy, RemoveHeadersOnCopy, ); }; };
		BBA3085423B05AF5006E3145 /* SnapKit.framework in Frameworks */ = {isa = PBXBuildFile; fileRef = BBA3085123B05AE0006E3145 /* SnapKit.framework */; };
		BBF3412623B1021D00582DB8 /* ProductListTableViewCell.swift in Sources */ = {isa = PBXBuildFile; fileRef = BBF3412523B1021D00582DB8 /* ProductListTableViewCell.swift */; };
		BBF3412923B1178000582DB8 /* Coordinator.swift in Sources */ = {isa = PBXBuildFile; fileRef = BBF3412823B1178000582DB8 /* Coordinator.swift */; };
		BBF3412B23B117AC00582DB8 /* ProductListCoordinator.swift in Sources */ = {isa = PBXBuildFile; fileRef = BBF3412A23B117AC00582DB8 /* ProductListCoordinator.swift */; };
		BBF3412D23B1198300582DB8 /* Routable.swift in Sources */ = {isa = PBXBuildFile; fileRef = BBF3412C23B1198300582DB8 /* Routable.swift */; };
		BBF3412F23B11A9B00582DB8 /* Router.swift in Sources */ = {isa = PBXBuildFile; fileRef = BBF3412E23B11A9B00582DB8 /* Router.swift */; };
		BBF3413423B120F400582DB8 /* UIView+Extensions.swift in Sources */ = {isa = PBXBuildFile; fileRef = BBF3413323B120F400582DB8 /* UIView+Extensions.swift */; };
/* End PBXBuildFile section */

/* Begin PBXContainerItemProxy section */
		BB68D1AF23B057D500FF5428 /* PBXContainerItemProxy */ = {
			isa = PBXContainerItemProxy;
			containerPortal = BB68D19223B057D300FF5428 /* Project object */;
			proxyType = 1;
			remoteGlobalIDString = BB68D19923B057D400FF5428;
			remoteInfo = shopper;
		};
/* End PBXContainerItemProxy section */

/* Begin PBXCopyFilesBuildPhase section */
		BBA3084E23B05995006E3145 /* Embed Frameworks */ = {
			isa = PBXCopyFilesBuildPhase;
			buildActionMask = 2147483647;
			dstPath = "";
			dstSubfolderSpec = 10;
			files = (
				BBA3085223B05AE0006E3145 /* SnapKit.framework in Embed Frameworks */,
			);
			name = "Embed Frameworks";
			runOnlyForDeploymentPostprocessing = 0;
		};
/* End PBXCopyFilesBuildPhase section */

/* Begin PBXFileReference section */
		BB68D19A23B057D400FF5428 /* shopper.app */ = {isa = PBXFileReference; explicitFileType = wrapper.application; includeInIndex = 0; path = shopper.app; sourceTree = BUILT_PRODUCTS_DIR; };
		BB68D19D23B057D400FF5428 /* AppDelegate.swift */ = {isa = PBXFileReference; lastKnownFileType = sourcecode.swift; path = AppDelegate.swift; sourceTree = "<group>"; };
		BB68D19F23B057D400FF5428 /* ProductListViewController.swift */ = {isa = PBXFileReference; lastKnownFileType = sourcecode.swift; path = ProductListViewController.swift; sourceTree = "<group>"; };
		BB68D1A423B057D500FF5428 /* Assets.xcassets */ = {isa = PBXFileReference; lastKnownFileType = folder.assetcatalog; path = Assets.xcassets; sourceTree = "<group>"; };
		BB68D1A723B057D500FF5428 /* Base */ = {isa = PBXFileReference; lastKnownFileType = file.storyboard; name = Base; path = Base.lproj/LaunchScreen.storyboard; sourceTree = "<group>"; };
		BB68D1A923B057D500FF5428 /* Info.plist */ = {isa = PBXFileReference; lastKnownFileType = text.plist.xml; path = Info.plist; sourceTree = "<group>"; };
		BB68D1AE23B057D500FF5428 /* shopperTests.xctest */ = {isa = PBXFileReference; explicitFileType = wrapper.cfbundle; includeInIndex = 0; path = shopperTests.xctest; sourceTree = BUILT_PRODUCTS_DIR; };
		BB68D1B223B057D500FF5428 /* shopperTests.swift */ = {isa = PBXFileReference; lastKnownFileType = sourcecode.swift; path = shopperTests.swift; sourceTree = "<group>"; };
		BB68D1B423B057D500FF5428 /* Info.plist */ = {isa = PBXFileReference; lastKnownFileType = text.plist.xml; path = Info.plist; sourceTree = "<group>"; };
		BBA3085123B05AE0006E3145 /* SnapKit.framework */ = {isa = PBXFileReference; lastKnownFileType = wrapper.framework; name = SnapKit.framework; path = Carthage/Build/iOS/SnapKit.framework; sourceTree = "<group>"; };
		BBF3412523B1021D00582DB8 /* ProductListTableViewCell.swift */ = {isa = PBXFileReference; lastKnownFileType = sourcecode.swift; path = ProductListTableViewCell.swift; sourceTree = "<group>"; };
		BBF3412823B1178000582DB8 /* Coordinator.swift */ = {isa = PBXFileReference; lastKnownFileType = sourcecode.swift; path = Coordinator.swift; sourceTree = "<group>"; };
		BBF3412A23B117AC00582DB8 /* ProductListCoordinator.swift */ = {isa = PBXFileReference; lastKnownFileType = sourcecode.swift; path = ProductListCoordinator.swift; sourceTree = "<group>"; };
		BBF3412C23B1198300582DB8 /* Routable.swift */ = {isa = PBXFileReference; lastKnownFileType = sourcecode.swift; path = Routable.swift; sourceTree = "<group>"; };
		BBF3412E23B11A9B00582DB8 /* Router.swift */ = {isa = PBXFileReference; lastKnownFileType = sourcecode.swift; path = Router.swift; sourceTree = "<group>"; };
		BBF3413323B120F400582DB8 /* UIView+Extensions.swift */ = {isa = PBXFileReference; lastKnownFileType = sourcecode.swift; path = "UIView+Extensions.swift"; sourceTree = "<group>"; };
/* End PBXFileReference section */

/* Begin PBXFrameworksBuildPhase section */
		BB68D19723B057D400FF5428 /* Frameworks */ = {
			isa = PBXFrameworksBuildPhase;
			buildActionMask = 2147483647;
			files = (
				BBA3085423B05AF5006E3145 /* SnapKit.framework in Frameworks */,
			);
			runOnlyForDeploymentPostprocessing = 0;
		};
		BB68D1AB23B057D500FF5428 /* Frameworks */ = {
			isa = PBXFrameworksBuildPhase;
			buildActionMask = 2147483647;
			files = (
			);
			runOnlyForDeploymentPostprocessing = 0;
		};
/* End PBXFrameworksBuildPhase section */

/* Begin PBXGroup section */
		BB68D19123B057D300FF5428 = {
			isa = PBXGroup;
			children = (
				BBA3085123B05AE0006E3145 /* SnapKit.framework */,
				BB68D19C23B057D400FF5428 /* shopper */,
				BB68D1B123B057D500FF5428 /* shopperTests */,
				BB68D19B23B057D400FF5428 /* Products */,
				BBA3085323B05AF5006E3145 /* Frameworks */,
			);
			sourceTree = "<group>";
		};
		BB68D19B23B057D400FF5428 /* Products */ = {
			isa = PBXGroup;
			children = (
				BB68D19A23B057D400FF5428 /* shopper.app */,
				BB68D1AE23B057D500FF5428 /* shopperTests.xctest */,
			);
			name = Products;
			sourceTree = "<group>";
		};
		BB68D19C23B057D400FF5428 /* shopper */ = {
			isa = PBXGroup;
			children = (
				BBF3413223B120D100582DB8 /* Utilities */,
				BBF3412723B1176D00582DB8 /* Coordinator */,
				BBF3412423B1020300582DB8 /* ProductList */,
				BB68D19D23B057D400FF5428 /* AppDelegate.swift */,
				BB68D1A423B057D500FF5428 /* Assets.xcassets */,
				BB68D1A623B057D500FF5428 /* LaunchScreen.storyboard */,
				BB68D1A923B057D500FF5428 /* Info.plist */,
			);
			path = shopper;
			sourceTree = "<group>";
		};
		BB68D1B123B057D500FF5428 /* shopperTests */ = {
			isa = PBXGroup;
			children = (
				BB68D1B223B057D500FF5428 /* shopperTests.swift */,
				BB68D1B423B057D500FF5428 /* Info.plist */,
			);
			path = shopperTests;
			sourceTree = "<group>";
		};
		BBA3085323B05AF5006E3145 /* Frameworks */ = {
			isa = PBXGroup;
			children = (
			);
			name = Frameworks;
			sourceTree = "<group>";
		};
		BBF3412423B1020300582DB8 /* ProductList */ = {
			isa = PBXGroup;
			children = (
				BB68D19F23B057D400FF5428 /* ProductListViewController.swift */,
				BBF3412523B1021D00582DB8 /* ProductListTableViewCell.swift */,
				BBF3412A23B117AC00582DB8 /* ProductListCoordinator.swift */,
			);
			path = ProductList;
			sourceTree = "<group>";
		};
		BBF3412723B1176D00582DB8 /* Coordinator */ = {
			isa = PBXGroup;
			children = (
				BBF3412823B1178000582DB8 /* Coordinator.swift */,
				BBF3412C23B1198300582DB8 /* Routable.swift */,
				BBF3412E23B11A9B00582DB8 /* Router.swift */,
			);
			path = Coordinator;
			sourceTree = "<group>";
		};
		BBF3413223B120D100582DB8 /* Utilities */ = {
			isa = PBXGroup;
			children = (
				BBF3413323B120F400582DB8 /* UIView+Extensions.swift */,
			);
			path = Utilities;
			sourceTree = "<group>";
		};
/* End PBXGroup section */

/* Begin PBXNativeTarget section */
		BB68D19923B057D400FF5428 /* shopper */ = {
			isa = PBXNativeTarget;
			buildConfigurationList = BB68D1B723B057D500FF5428 /* Build configuration list for PBXNativeTarget "shopper" */;
			buildPhases = (
				BB68D19623B057D400FF5428 /* Sources */,
				BB68D19723B057D400FF5428 /* Frameworks */,
				BB68D19823B057D400FF5428 /* Resources */,
				BBA3084E23B05995006E3145 /* Embed Frameworks */,
			);
			buildRules = (
			);
			dependencies = (
			);
			name = shopper;
			productName = shopper;
			productReference = BB68D19A23B057D400FF5428 /* shopper.app */;
			productType = "com.apple.product-type.application";
		};
		BB68D1AD23B057D500FF5428 /* shopperTests */ = {
			isa = PBXNativeTarget;
			buildConfigurationList = BB68D1BA23B057D500FF5428 /* Build configuration list for PBXNativeTarget "shopperTests" */;
			buildPhases = (
				BB68D1AA23B057D500FF5428 /* Sources */,
				BB68D1AB23B057D500FF5428 /* Frameworks */,
				BB68D1AC23B057D500FF5428 /* Resources */,
			);
			buildRules = (
			);
			dependencies = (
				BB68D1B023B057D500FF5428 /* PBXTargetDependency */,
			);
			name = shopperTests;
			productName = shopperTests;
			productReference = BB68D1AE23B057D500FF5428 /* shopperTests.xctest */;
			productType = "com.apple.product-type.bundle.unit-test";
		};
/* End PBXNativeTarget section */

/* Begin PBXProject section */
		BB68D19223B057D300FF5428 /* Project object */ = {
			isa = PBXProject;
			attributes = {
				LastSwiftUpdateCheck = 1030;
				LastUpgradeCheck = 1030;
				ORGANIZATIONNAME = Subash;
				TargetAttributes = {
					BB68D19923B057D400FF5428 = {
						CreatedOnToolsVersion = 10.3;
					};
					BB68D1AD23B057D500FF5428 = {
						CreatedOnToolsVersion = 10.3;
						TestTargetID = BB68D19923B057D400FF5428;
					};
				};
			};
			buildConfigurationList = BB68D19523B057D300FF5428 /* Build configuration list for PBXProject "shopper" */;
			compatibilityVersion = "Xcode 9.3";
			developmentRegion = en;
			hasScannedForEncodings = 0;
			knownRegions = (
				en,
				Base,
			);
			mainGroup = BB68D19123B057D300FF5428;
			productRefGroup = BB68D19B23B057D400FF5428 /* Products */;
			projectDirPath = "";
			projectRoot = "";
			targets = (
				BB68D19923B057D400FF5428 /* shopper */,
				BB68D1AD23B057D500FF5428 /* shopperTests */,
			);
		};
/* End PBXProject section */

/* Begin PBXResourcesBuildPhase section */
		BB68D19823B057D400FF5428 /* Resources */ = {
			isa = PBXResourcesBuildPhase;
			buildActionMask = 2147483647;
			files = (
				BB68D1A823B057D500FF5428 /* LaunchScreen.storyboard in Resources */,
				BB68D1A523B057D500FF5428 /* Assets.xcassets in Resources */,
			);
			runOnlyForDeploymentPostprocessing = 0;
		};
		BB68D1AC23B057D500FF5428 /* Resources */ = {
			isa = PBXResourcesBuildPhase;
			buildActionMask = 2147483647;
			files = (
			);
			runOnlyForDeploymentPostprocessing = 0;
		};
/* End PBXResourcesBuildPhase section */

/* Begin PBXSourcesBuildPhase section */
		BB68D19623B057D400FF5428 /* Sources */ = {
			isa = PBXSourcesBuildPhase;
			buildActionMask = 2147483647;
			files = (
				BBF3412923B1178000582DB8 /* Coordinator.swift in Sources */,
				BBF3412D23B1198300582DB8 /* Routable.swift in Sources */,
				BB68D1A023B057D400FF5428 /* ProductListViewController.swift in Sources */,
				BBF3412F23B11A9B00582DB8 /* Router.swift in Sources */,
				BB68D19E23B057D400FF5428 /* AppDelegate.swift in Sources */,
				BBF3412B23B117AC00582DB8 /* ProductListCoordinator.swift in Sources */,
				BBF3413423B120F400582DB8 /* UIView+Extensions.swift in Sources */,
				BBF3412623B1021D00582DB8 /* ProductListTableViewCell.swift in Sources */,
			);
			runOnlyForDeploymentPostprocessing = 0;
		};
		BB68D1AA23B057D500FF5428 /* Sources */ = {
			isa = PBXSourcesBuildPhase;
			buildActionMask = 2147483647;
			files = (
				BB68D1B323B057D500FF5428 /* shopperTests.swift in Sources */,
			);
			runOnlyForDeploymentPostprocessing = 0;
		};
/* End PBXSourcesBuildPhase section */

/* Begin PBXTargetDependency section */
		BB68D1B023B057D500FF5428 /* PBXTargetDependency */ = {
			isa = PBXTargetDependency;
			target = BB68D19923B057D400FF5428 /* shopper */;
			targetProxy = BB68D1AF23B057D500FF5428 /* PBXContainerItemProxy */;
		};
/* End PBXTargetDependency section */

/* Begin PBXVariantGroup section */
		BB68D1A623B057D500FF5428 /* LaunchScreen.storyboard */ = {
			isa = PBXVariantGroup;
			children = (
				BB68D1A723B057D500FF5428 /* Base */,
			);
			name = LaunchScreen.storyboard;
			sourceTree = "<group>";
		};
/* End PBXVariantGroup section */

/* Begin XCBuildConfiguration section */
		BB68D1B523B057D500FF5428 /* Debug */ = {
			isa = XCBuildConfiguration;
			buildSettings = {
				ALWAYS_SEARCH_USER_PATHS = NO;
				CLANG_ANALYZER_NONNULL = YES;
				CLANG_ANALYZER_NUMBER_OBJECT_CONVERSION = YES_AGGRESSIVE;
				CLANG_CXX_LANGUAGE_STANDARD = "gnu++14";
				CLANG_CXX_LIBRARY = "libc++";
				CLANG_ENABLE_MODULES = YES;
				CLANG_ENABLE_OBJC_ARC = YES;
				CLANG_ENABLE_OBJC_WEAK = YES;
				CLANG_WARN_BLOCK_CAPTURE_AUTORELEASING = YES;
				CLANG_WARN_BOOL_CONVERSION = YES;
				CLANG_WARN_COMMA = YES;
				CLANG_WARN_CONSTANT_CONVERSION = YES;
				CLANG_WARN_DEPRECATED_OBJC_IMPLEMENTATIONS = YES;
				CLANG_WARN_DIRECT_OBJC_ISA_USAGE = YES_ERROR;
				CLANG_WARN_DOCUMENTATION_COMMENTS = YES;
				CLANG_WARN_EMPTY_BODY = YES;
				CLANG_WARN_ENUM_CONVERSION = YES;
				CLANG_WARN_INFINITE_RECURSION = YES;
				CLANG_WARN_INT_CONVERSION = YES;
				CLANG_WARN_NON_LITERAL_NULL_CONVERSION = YES;
				CLANG_WARN_OBJC_IMPLICIT_RETAIN_SELF = YES;
				CLANG_WARN_OBJC_LITERAL_CONVERSION = YES;
				CLANG_WARN_OBJC_ROOT_CLASS = YES_ERROR;
				CLANG_WARN_RANGE_LOOP_ANALYSIS = YES;
				CLANG_WARN_STRICT_PROTOTYPES = YES;
				CLANG_WARN_SUSPICIOUS_MOVE = YES;
				CLANG_WARN_UNGUARDED_AVAILABILITY = YES_AGGRESSIVE;
				CLANG_WARN_UNREACHABLE_CODE = YES;
				CLANG_WARN__DUPLICATE_METHOD_MATCH = YES;
				CODE_SIGN_IDENTITY = "iPhone Developer";
				COPY_PHASE_STRIP = NO;
				DEBUG_INFORMATION_FORMAT = dwarf;
				ENABLE_STRICT_OBJC_MSGSEND = YES;
				ENABLE_TESTABILITY = YES;
				GCC_C_LANGUAGE_STANDARD = gnu11;
				GCC_DYNAMIC_NO_PIC = NO;
				GCC_NO_COMMON_BLOCKS = YES;
				GCC_OPTIMIZATION_LEVEL = 0;
				GCC_PREPROCESSOR_DEFINITIONS = (
					"DEBUG=1",
					"$(inherited)",
				);
				GCC_WARN_64_TO_32_BIT_CONVERSION = YES;
				GCC_WARN_ABOUT_RETURN_TYPE = YES_ERROR;
				GCC_WARN_UNDECLARED_SELECTOR = YES;
				GCC_WARN_UNINITIALIZED_AUTOS = YES_AGGRESSIVE;
				GCC_WARN_UNUSED_FUNCTION = YES;
				GCC_WARN_UNUSED_VARIABLE = YES;
				IPHONEOS_DEPLOYMENT_TARGET = 12.4;
				MTL_ENABLE_DEBUG_INFO = INCLUDE_SOURCE;
				MTL_FAST_MATH = YES;
				ONLY_ACTIVE_ARCH = YES;
				SDKROOT = iphoneos;
				SWIFT_ACTIVE_COMPILATION_CONDITIONS = DEBUG;
				SWIFT_OPTIMIZATION_LEVEL = "-Onone";
			};
			name = Debug;
		};
		BB68D1B623B057D500FF5428 /* Release */ = {
			isa = XCBuildConfiguration;
			buildSettings = {
				ALWAYS_SEARCH_USER_PATHS = NO;
				CLANG_ANALYZER_NONNULL = YES;
				CLANG_ANALYZER_NUMBER_OBJECT_CONVERSION = YES_AGGRESSIVE;
				CLANG_CXX_LANGUAGE_STANDARD = "gnu++14";
				CLANG_CXX_LIBRARY = "libc++";
				CLANG_ENABLE_MODULES = YES;
				CLANG_ENABLE_OBJC_ARC = YES;
				CLANG_ENABLE_OBJC_WEAK = YES;
				CLANG_WARN_BLOCK_CAPTURE_AUTORELEASING = YES;
				CLANG_WARN_BOOL_CONVERSION = YES;
				CLANG_WARN_COMMA = YES;
				CLANG_WARN_CONSTANT_CONVERSION = YES;
				CLANG_WARN_DEPRECATED_OBJC_IMPLEMENTATIONS = YES;
				CLANG_WARN_DIRECT_OBJC_ISA_USAGE = YES_ERROR;
				CLANG_WARN_DOCUMENTATION_COMMENTS = YES;
				CLANG_WARN_EMPTY_BODY = YES;
				CLANG_WARN_ENUM_CONVERSION = YES;
				CLANG_WARN_INFINITE_RECURSION = YES;
				CLANG_WARN_INT_CONVERSION = YES;
				CLANG_WARN_NON_LITERAL_NULL_CONVERSION = YES;
				CLANG_WARN_OBJC_IMPLICIT_RETAIN_SELF = YES;
				CLANG_WARN_OBJC_LITERAL_CONVERSION = YES;
				CLANG_WARN_OBJC_ROOT_CLASS = YES_ERROR;
				CLANG_WARN_RANGE_LOOP_ANALYSIS = YES;
				CLANG_WARN_STRICT_PROTOTYPES = YES;
				CLANG_WARN_SUSPICIOUS_MOVE = YES;
				CLANG_WARN_UNGUARDED_AVAILABILITY = YES_AGGRESSIVE;
				CLANG_WARN_UNREACHABLE_CODE = YES;
				CLANG_WARN__DUPLICATE_METHOD_MATCH = YES;
				CODE_SIGN_IDENTITY = "iPhone Developer";
				COPY_PHASE_STRIP = NO;
				DEBUG_INFORMATION_FORMAT = "dwarf-with-dsym";
				ENABLE_NS_ASSERTIONS = NO;
				ENABLE_STRICT_OBJC_MSGSEND = YES;
				GCC_C_LANGUAGE_STANDARD = gnu11;
				GCC_NO_COMMON_BLOCKS = YES;
				GCC_WARN_64_TO_32_BIT_CONVERSION = YES;
				GCC_WARN_ABOUT_RETURN_TYPE = YES_ERROR;
				GCC_WARN_UNDECLARED_SELECTOR = YES;
				GCC_WARN_UNINITIALIZED_AUTOS = YES_AGGRESSIVE;
				GCC_WARN_UNUSED_FUNCTION = YES;
				GCC_WARN_UNUSED_VARIABLE = YES;
				IPHONEOS_DEPLOYMENT_TARGET = 12.4;
				MTL_ENABLE_DEBUG_INFO = NO;
				MTL_FAST_MATH = YES;
				SDKROOT = iphoneos;
				SWIFT_COMPILATION_MODE = wholemodule;
				SWIFT_OPTIMIZATION_LEVEL = "-O";
				VALIDATE_PRODUCT = YES;
			};
			name = Release;
		};
		BB68D1B823B057D500FF5428 /* Debug */ = {
			isa = XCBuildConfiguration;
			buildSettings = {
				ASSETCATALOG_COMPILER_APPICON_NAME = AppIcon;
				CODE_SIGN_STYLE = Automatic;
				FRAMEWORK_SEARCH_PATHS = (
					"$(inherited)",
					"$(PROJECT_DIR)/Carthage/Build/iOS",
				);
				INFOPLIST_FILE = shopper/Info.plist;
				LD_RUNPATH_SEARCH_PATHS = (
					"$(inherited)",
					"@executable_path/Frameworks",
				);
				PRODUCT_BUNDLE_IDENTIFIER = com.subash.shopper;
				PRODUCT_NAME = "$(TARGET_NAME)";
				SWIFT_VERSION = 5.0;
				TARGETED_DEVICE_FAMILY = "1,2";
			};
			name = Debug;
		};
		BB68D1B923B057D500FF5428 /* Release */ = {
			isa = XCBuildConfiguration;
			buildSettings = {
				ASSETCATALOG_COMPILER_APPICON_NAME = AppIcon;
				CODE_SIGN_STYLE = Automatic;
				FRAMEWORK_SEARCH_PATHS = (
					"$(inherited)",
					"$(PROJECT_DIR)/Carthage/Build/iOS",
				);
				INFOPLIST_FILE = shopper/Info.plist;
				LD_RUNPATH_SEARCH_PATHS = (
					"$(inherited)",
					"@executable_path/Frameworks",
				);
				PRODUCT_BUNDLE_IDENTIFIER = com.subash.shopper;
				PRODUCT_NAME = "$(TARGET_NAME)";
				SWIFT_VERSION = 5.0;
				TARGETED_DEVICE_FAMILY = "1,2";
			};
			name = Release;
		};
		BB68D1BB23B057D500FF5428 /* Debug */ = {
			isa = XCBuildConfiguration;
			buildSettings = {
				ALWAYS_EMBED_SWIFT_STANDARD_LIBRARIES = YES;
				BUNDLE_LOADER = "$(TEST_HOST)";
				CODE_SIGN_STYLE = Automatic;
				INFOPLIST_FILE = shopperTests/Info.plist;
				LD_RUNPATH_SEARCH_PATHS = (
					"$(inherited)",
					"@executable_path/Frameworks",
					"@loader_path/Frameworks",
				);
				PRODUCT_BUNDLE_IDENTIFIER = com.subash.shopperTests;
				PRODUCT_NAME = "$(TARGET_NAME)";
				SWIFT_VERSION = 5.0;
				TARGETED_DEVICE_FAMILY = "1,2";
				TEST_HOST = "$(BUILT_PRODUCTS_DIR)/shopper.app/shopper";
			};
			name = Debug;
		};
		BB68D1BC23B057D500FF5428 /* Release */ = {
			isa = XCBuildConfiguration;
			buildSettings = {
				ALWAYS_EMBED_SWIFT_STANDARD_LIBRARIES = YES;
				BUNDLE_LOADER = "$(TEST_HOST)";
				CODE_SIGN_STYLE = Automatic;
				INFOPLIST_FILE = shopperTests/Info.plist;
				LD_RUNPATH_SEARCH_PATHS = (
					"$(inherited)",
					"@executable_path/Frameworks",
					"@loader_path/Frameworks",
				);
				PRODUCT_BUNDLE_IDENTIFIER = com.subash.shopperTests;
				PRODUCT_NAME = "$(TARGET_NAME)";
				SWIFT_VERSION = 5.0;
				TARGETED_DEVICE_FAMILY = "1,2";
				TEST_HOST = "$(BUILT_PRODUCTS_DIR)/shopper.app/shopper";
			};
			name = Release;
		};
/* End XCBuildConfiguration section */

/* Begin XCConfigurationList section */
		BB68D19523B057D300FF5428 /* Build configuration list for PBXProject "shopper" */ = {
			isa = XCConfigurationList;
			buildConfigurations = (
				BB68D1B523B057D500FF5428 /* Debug */,
				BB68D1B623B057D500FF5428 /* Release */,
			);
			defaultConfigurationIsVisible = 0;
			defaultConfigurationName = Release;
		};
		BB68D1B723B057D500FF5428 /* Build configuration list for PBXNativeTarget "shopper" */ = {
			isa = XCConfigurationList;
			buildConfigurations = (
				BB68D1B823B057D500FF5428 /* Debug */,
				BB68D1B923B057D500FF5428 /* Release */,
			);
			defaultConfigurationIsVisible = 0;
			defaultConfigurationName = Release;
		};
		BB68D1BA23B057D500FF5428 /* Build configuration list for PBXNativeTarget "shopperTests" */ = {
			isa = XCConfigurationList;
			buildConfigurations = (
				BB68D1BB23B057D500FF5428 /* Debug */,
				BB68D1BC23B057D500FF5428 /* Release */,
			);
			defaultConfigurationIsVisible = 0;
			defaultConfigurationName = Release;
		};
/* End XCConfigurationList section */
	};
	rootObject = BB68D19223B057D300FF5428 /* Project object */;
}
